dependencies:
- name: dex
  repository: ""
  version: 0.15.3
- name: minio
  repository: https://charts.bitnami.com/bitnami
  version: 16.0.10
- name: redis
  repository: https://charts.bitnami.com/bitnami
  version: 21.1.11
- name: temporal
  repository: https://temporalio.github.io/helm-charts
  version: 0.63.0
digest: sha256:463b9042308ea40cf6ad394c6da513f8dedbcb6f8114531b37cb4423b852fd21
generated: "2025-06-09T22:09:30.56249698+05:30"
