dependencies:
- name: dex
  repository: ""
  version: 0.15.3
- name: minio
  repository: ""
  version: 16.0.10
- name: redis
  repository: ""
  version: 21.1.11
- name: temporal
  repository: ""
  version: 0.63.0
digest: sha256:aca52ee31e14c82559d3a667a231a644ba738736668b97bae11f61863ed9ff96
generated: "2025-08-18T15:09:10.436281683+05:30"
